
Microsoft Visual Studio Solution File, Format Version 12.00
# Visual Studio Version 17
VisualStudioVersion = 17.2.32616.157
MinimumVisualStudioVersion = 10.0.40219.1
Project("{FAE04EC0-301F-11D3-BF4B-00C04F79EFBC}") = "WebAPI", "WebAPI\WebAPI.csproj", "{4BE4D4A5-9EF9-4307-B06B-F9067BDB1D01}"
EndProject
Project("{FAE04EC0-301F-11D3-BF4B-00C04F79EFBC}") = "Repositories", "Repositories\Repositories.csproj", "{433438C2-F172-4412-A3F6-B9C07BA4F284}"
EndProject
Project("{FAE04EC0-301F-11D3-BF4B-00C04F79EFBC}") = "Services", "Services\Services.csproj", "{27698FCF-3129-47A6-A3F8-FFBAB9E3E1F4}"
EndProject
Global
	GlobalSection(SolutionConfigurationPlatforms) = preSolution
		Debug|Any CPU = Debug|Any CPU
		Release|Any CPU = Release|Any CPU
	EndGlobalSection
	GlobalSection(ProjectConfigurationPlatforms) = postSolution
		{4BE4D4A5-9EF9-4307-B06B-F9067BDB1D01}.Debug|Any CPU.ActiveCfg = Debug|Any CPU
		{4BE4D4A5-9EF9-4307-B06B-F9067BDB1D01}.Debug|Any CPU.Build.0 = Debug|Any CPU
		{4BE4D4A5-9EF9-4307-B06B-F9067BDB1D01}.Release|Any CPU.ActiveCfg = Release|Any CPU
		{4BE4D4A5-9EF9-4307-B06B-F9067BDB1D01}.Release|Any CPU.Build.0 = Release|Any CPU
		{433438C2-F172-4412-A3F6-B9C07BA4F284}.Debug|Any CPU.ActiveCfg = Debug|Any CPU
		{433438C2-F172-4412-A3F6-B9C07BA4F284}.Debug|Any CPU.Build.0 = Debug|Any CPU
		{433438C2-F172-4412-A3F6-B9C07BA4F284}.Release|Any CPU.ActiveCfg = Release|Any CPU
		{433438C2-F172-4412-A3F6-B9C07BA4F284}.Release|Any CPU.Build.0 = Release|Any CPU
		{27698FCF-3129-47A6-A3F8-FFBAB9E3E1F4}.Debug|Any CPU.ActiveCfg = Debug|Any CPU
		{27698FCF-3129-47A6-A3F8-FFBAB9E3E1F4}.Debug|Any CPU.Build.0 = Debug|Any CPU
		{27698FCF-3129-47A6-A3F8-FFBAB9E3E1F4}.Release|Any CPU.ActiveCfg = Release|Any CPU
		{27698FCF-3129-47A6-A3F8-FFBAB9E3E1F4}.Release|Any CPU.Build.0 = Release|Any CPU
	EndGlobalSection
	GlobalSection(SolutionProperties) = preSolution
		HideSolutionNode = FALSE
	EndGlobalSection
	GlobalSection(ExtensibilityGlobals) = postSolution
		SolutionGuid = {AB599E5F-EC77-4993-8B7C-ED8246EC7A98}
	EndGlobalSection
EndGlobal
